
Microsoft Visual Studio Solution File, Format Version 12.00
# Visual Studio Version 17
VisualStudioVersion = 17.14.36908.2 d17.14
MinimumVisualStudioVersion = 10.0.40219.1
Project("{FAE04EC0-301F-11D3-BF4B-00C04F79EFBC}") = "StripeExample", "StripeExample.csproj", "{EC13F6FE-9351-AA41-74D4-E26003692E33}"
EndProject
Global
	GlobalSection(SolutionConfigurationPlatforms) = preSolution
		Debug|Any CPU = Debug|Any CPU
		Release|Any CPU = Release|Any CPU
	EndGlobalSection
	GlobalSection(ProjectConfigurationPlatforms) = postSolution
		{EC13F6FE-9351-AA41-74D4-E26003692E33}.Debug|Any CPU.ActiveCfg = Debug|Any CPU
		{EC13F6FE-9351-AA41-74D4-E26003692E33}.Debug|Any CPU.Build.0 = Debug|Any CPU
		{EC13F6FE-9351-AA41-74D4-E26003692E33}.Release|Any CPU.ActiveCfg = Release|Any CPU
		{EC13F6FE-9351-AA41-74D4-E26003692E33}.Release|Any CPU.Build.0 = Release|Any CPU
	EndGlobalSection
	GlobalSection(SolutionProperties) = preSolution
		HideSolutionNode = FALSE
	EndGlobalSection
	GlobalSection(ExtensibilityGlobals) = postSolution
		SolutionGuid = {76DF375A-898D-4C61-BD1D-4CA477D45E89}
	EndGlobalSection
EndGlobal
